
Microsoft Visual Studio Solution File, Format Version 12.00
# Visual Studio 15
VisualStudioVersion = 15.0.26730.10
MinimumVisualStudioVersion = 10.0.40219.1
Project("{FAE04EC0-301F-11D3-BF4B-00C04F79EFBC}") = "Epcrypt", "Epcrypt\Epcrypt.csproj", "{1F776544-985D-43C9-856C-6842E1C998F6}"
EndProject
Global
	GlobalSection(SolutionConfigurationPlatforms) = preSolution
		Debug|Any CPU = Debug|Any CPU
		Release|Any CPU = Release|Any CPU
	EndGlobalSection
	GlobalSection(ProjectConfigurationPlatforms) = postSolution
		{1F776544-985D-43C9-856C-6842E1C998F6}.Debug|Any CPU.ActiveCfg = Debug|Any CPU
		{1F776544-985D-43C9-856C-6842E1C998F6}.Debug|Any CPU.Build.0 = Debug|Any CPU
		{1F776544-985D-43C9-856C-6842E1C998F6}.Release|Any CPU.ActiveCfg = Release|Any CPU
		{1F776544-985D-43C9-856C-6842E1C998F6}.Release|Any CPU.Build.0 = Release|Any CPU
	EndGlobalSection
	GlobalSection(SolutionProperties) = preSolution
		HideSolutionNode = FALSE
	EndGlobalSection
	GlobalSection(ExtensibilityGlobals) = postSolution
		SolutionGuid = {176CA727-79E2-4CF7-A4E7-7C93040815E1}
	EndGlobalSection
EndGlobal
